lockfileVersion: '6.0'

settings:
  autoInstallPeers: true
  excludeLinksFromLockfile: false

importers:

  .:
    devDependencies:
      prettier:
        specifier: ^3.0.3
        version: 3.0.3

  packages/example-suite:
    devDependencies:
      '@playwright/test':
        specifier: ^1.37.1
        version: 1.37.1
      '@scalewright/test':
        specifier: '*'
        version: link:../scalewright-test
      '@types/node':
        specifier: ^20.6.0
        version: 20.6.0

  packages/performance-tracking:
    dependencies:
      '@playwright/test':
        specifier: 1.37.1
        version: 1.37.1

  packages/scalewright: {}

  packages/scalewright-test:
    dependencies:
      '@playwright/test':
        specifier: 1.37.1
        version: 1.37.1
      '@scalewright/performance-tracking':
        specifier: '*'
        version: link:../performance-tracking

packages:

  /@playwright/test@1.37.1:
    resolution: {integrity: sha512-bq9zTli3vWJo8S3LwB91U0qDNQDpEXnw7knhxLM0nwDvexQAwx9tO8iKDZSqqneVq+URd/WIoz+BALMqUTgdSg==}
    engines: {node: '>=16'}
    hasBin: true
    dependencies:
      '@types/node': 20.6.0
      playwright-core: 1.37.1
    optionalDependencies:
      fsevents: 2.3.2

  /@types/node@20.6.0:
    resolution: {integrity: sha512-najjVq5KN2vsH2U/xyh2opaSEz6cZMR2SetLIlxlj08nOcmPOemJmUK2o4kUzfLqfrWE0PIrNeE16XhYDd3nqg==}

  /fsevents@2.3.2:
    resolution: {integrity: sha512-xiqMQR4xAeHTuB9uWm+fFRcIOgKBMiOBP+eXiyT7jsgVCq1bkVygt00oASowB7EdtpOHaaPgKt812P9ab+DDKA==}
    engines: {node: ^8.16.0 || ^10.6.0 || >=11.0.0}
    os: [darwin]
    requiresBuild: true
    optional: true

  /playwright-core@1.37.1:
    resolution: {integrity: sha512-17EuQxlSIYCmEMwzMqusJ2ztDgJePjrbttaefgdsiqeLWidjYz9BxXaTaZWxH1J95SHGk6tjE+dwgWILJoUZfA==}
    engines: {node: '>=16'}
    hasBin: true

  /prettier@3.0.3:
    resolution: {integrity: sha512-L/4pUDMxcNa8R/EthV08Zt42WBO4h1rarVtK0K+QJG0X187OLo7l699jWw0GKuwzkPQ//jMFA/8Xm6Fh3J/DAg==}
    engines: {node: '>=14'}
    hasBin: true
    dev: true
